
Microsoft Visual Studio Solution File, Format Version 12.00
# Visual Studio Version 17
VisualStudioVersion = 17.7.34202.233
MinimumVisualStudioVersion = 10.0.40219.1
Project("{2150E333-8FDC-42A3-9474-1A3956D46DE8}") = "Solution Items", "Solution Items", "{CFDE0210-FB35-4762-B809-6181EB615600}"
	ProjectSection(SolutionItems) = preProject
		.editorconfig = .editorconfig
	EndProjectSection
EndProject
Project("{FAE04EC0-301F-11D3-BF4B-00C04F79EFBC}") = "Viriplaca.Common", "src\Viriplaca.Common\Viriplaca.Common.csproj", "{84DFDBBD-9D90-42C4-ABD3-81867160ABA6}"
EndProject
Project("{FAE04EC0-301F-11D3-BF4B-00C04F79EFBC}") = "Viriplaca.Common.UnitTests", "tests\Viriplaca.Common.UnitTests\Viriplaca.Common.UnitTests.csproj", "{572F7AA7-A973-4B7F-A25E-20089C6639D1}"
EndProject
Global
	GlobalSection(SolutionConfigurationPlatforms) = preSolution
		Debug|Any CPU = Debug|Any CPU
		Release|Any CPU = Release|Any CPU
	EndGlobalSection
	GlobalSection(ProjectConfigurationPlatforms) = postSolution
		{84DFDBBD-9D90-42C4-ABD3-81867160ABA6}.Debug|Any CPU.ActiveCfg = Debug|Any CPU
		{84DFDBBD-9D90-42C4-ABD3-81867160ABA6}.Debug|Any CPU.Build.0 = Debug|Any CPU
		{84DFDBBD-9D90-42C4-ABD3-81867160ABA6}.Release|Any CPU.ActiveCfg = Release|Any CPU
		{84DFDBBD-9D90-42C4-ABD3-81867160ABA6}.Release|Any CPU.Build.0 = Release|Any CPU
		{572F7AA7-A973-4B7F-A25E-20089C6639D1}.Debug|Any CPU.ActiveCfg = Debug|Any CPU
		{572F7AA7-A973-4B7F-A25E-20089C6639D1}.Debug|Any CPU.Build.0 = Debug|Any CPU
		{572F7AA7-A973-4B7F-A25E-20089C6639D1}.Release|Any CPU.ActiveCfg = Release|Any CPU
		{572F7AA7-A973-4B7F-A25E-20089C6639D1}.Release|Any CPU.Build.0 = Release|Any CPU
	EndGlobalSection
	GlobalSection(SolutionProperties) = preSolution
		HideSolutionNode = FALSE
	EndGlobalSection
	GlobalSection(ExtensibilityGlobals) = postSolution
		SolutionGuid = {7323E3A9-F3A3-46F8-9A90-0E12E67BDA38}
	EndGlobalSection
EndGlobal
